PODS:
  - Alamofire (4.5.0)
  - Socket.IO-Client-Swift (11.0.2):
    - StarscreamSocketIO (~> 8.0.2)
  - StarscreamSocketIO (8.0.2)
  - SwiftyJSON (3.1.4)

DEPENDENCIES:
  - Alamofire (from `https://github.com/Alamofire/Alamofire`)
  - Socket.IO-Client-Swift (from `https://github.com/socketio/socket.io-client-swift`)
  - SwiftyJSON (from `https://github.com/SwiftyJSON/SwiftyJSON`)

EXTERNAL SOURCES:
  Alamofire:
    :git: https://github.com/Alamofire/Alamofire
  Socket.IO-Client-Swift:
    :git: https://github.com/socketio/socket.io-client-swift
  SwiftyJSON:
    :git: https://github.com/SwiftyJSON/SwiftyJSON

CHECKOUT OPTIONS:
  Alamofire:
    :commit: 5bd458ca09a57fb2999772745d6438585f5140a7
    :git: https://github.com/Alamofire/Alamofire
  Socket.IO-Client-Swift:
    :commit: 0e5ffce862eb0733a0788bed4c787fd1e09ea1c1
    :git: https://github.com/socketio/socket.io-client-swift
  SwiftyJSON:
    :commit: ebc305b69ecca005b636f20e0db4d07d19d333fa
    :git: https://github.com/SwiftyJSON/SwiftyJSON

SPEC CHECKSUMS:
  Alamofire: 2983f0804e7566e66b937f5e7ef4aeba7b910426
  Socket.IO-Client-Swift: 069ea6c0941182ac409706115a0f96085d0d9829
  StarscreamSocketIO: c02ffb2920bd38de6658ce213071fc4ae0e35423
  SwiftyJSON: 05cf0e98a950e2ba343735264f5a96b81e755d00

PODFILE CHECKSUM: efade560710b72665e13e57ac0a26321a55b572c

COCOAPODS: 1.2.0
